Microsoft Visual Studio Solution File, Format Version 12.00
# Visual Studio Version 17
VisualStudioVersion = 17.5.2.0
MinimumVisualStudioVersion = 10.0.40219.1
Project("{2150E333-8FDC-42A3-9474-1A3956D46DE8}") = "async-await", "async-await", "{FB13E058-3950-E1A5-68B7-F5303E3967F1}"
EndProject
Project("{FAE04EC0-301F-11D3-BF4B-00C04F79EFBC}") = "coingecko-parallel", "async-await\coingecko-parallel\coingecko-parallel.csproj", "{883FE791-E7A6-220B-41D6-CA06D0AF8AE9}"
EndProject
Global
	GlobalSection(SolutionConfigurationPlatforms) = preSolution
		Debug|Any CPU = Debug|Any CPU
		Release|Any CPU = Release|Any CPU
	EndGlobalSection
	GlobalSection(ProjectConfigurationPlatforms) = postSolution
		{883FE791-E7A6-220B-41D6-CA06D0AF8AE9}.Debug|Any CPU.ActiveCfg = Debug|Any CPU
		{883FE791-E7A6-220B-41D6-CA06D0AF8AE9}.Debug|Any CPU.Build.0 = Debug|Any CPU
		{883FE791-E7A6-220B-41D6-CA06D0AF8AE9}.Release|Any CPU.ActiveCfg = Release|Any CPU
		{883FE791-E7A6-220B-41D6-CA06D0AF8AE9}.Release|Any CPU.Build.0 = Release|Any CPU
	EndGlobalSection
	GlobalSection(SolutionProperties) = preSolution
		HideSolutionNode = FALSE
	EndGlobalSection
	GlobalSection(NestedProjects) = preSolution
		{883FE791-E7A6-220B-41D6-CA06D0AF8AE9} = {FB13E058-3950-E1A5-68B7-F5303E3967F1}
	EndGlobalSection
	GlobalSection(ExtensibilityGlobals) = postSolution
		SolutionGuid = {69F76C47-739B-451D-8263-898CDE030CB7}
	EndGlobalSection
EndGlobal
