Microsoft Visual Studio Solution File, Format Version 12.00
# Visual Studio Version 17
VisualStudioVersion = 17.5.2.0
MinimumVisualStudioVersion = 10.0.40219.1
Project("{FAE04EC0-301F-11D3-BF4B-00C04F79EFBC}") = "AsyncTry", "AsyncTry.csproj", "{6182892C-EA9E-5F61-87BD-B24A1EAB00FE}"
EndProject
Global
	GlobalSection(SolutionConfigurationPlatforms) = preSolution
		Debug|Any CPU = Debug|Any CPU
		Release|Any CPU = Release|Any CPU
	EndGlobalSection
	GlobalSection(ProjectConfigurationPlatforms) = postSolution
		{6182892C-EA9E-5F61-87BD-B24A1EAB00FE}.Debug|Any CPU.ActiveCfg = Debug|Any CPU
		{6182892C-EA9E-5F61-87BD-B24A1EAB00FE}.Debug|Any CPU.Build.0 = Debug|Any CPU
		{6182892C-EA9E-5F61-87BD-B24A1EAB00FE}.Release|Any CPU.ActiveCfg = Release|Any CPU
		{6182892C-EA9E-5F61-87BD-B24A1EAB00FE}.Release|Any CPU.Build.0 = Release|Any CPU
	EndGlobalSection
	GlobalSection(SolutionProperties) = preSolution
		HideSolutionNode = FALSE
	EndGlobalSection
	GlobalSection(ExtensibilityGlobals) = postSolution
		SolutionGuid = {80F0C628-D0CE-46F5-9FB5-AABE22DCAA00}
	EndGlobalSection
EndGlobal
